
Microsoft Visual Studio Solution File, Format Version 12.00
# Visual Studio Version 16
VisualStudioVersion = 16.0.29001.49
MinimumVisualStudioVersion = 10.0.40219.1
Project("{FAE04EC0-301F-11D3-BF4B-00C04F79EFBC}") = "EBGuideBDDTesttingHomework", "EBGuideBDDTesttingHomework\EBGuideBDDTesttingHomework.csproj", "{B43A7971-EE97-401B-878B-154AFD8713F3}"
EndProject
Global
	GlobalSection(SolutionConfigurationPlatforms) = preSolution
		Debug|Any CPU = Debug|Any CPU
		Release|Any CPU = Release|Any CPU
	EndGlobalSection
	GlobalSection(ProjectConfigurationPlatforms) = postSolution
		{B43A7971-EE97-401B-878B-154AFD8713F3}.Debug|Any CPU.ActiveCfg = Debug|Any CPU
		{B43A7971-EE97-401B-878B-154AFD8713F3}.Debug|Any CPU.Build.0 = Debug|Any CPU
		{B43A7971-EE97-401B-878B-154AFD8713F3}.Release|Any CPU.ActiveCfg = Release|Any CPU
		{B43A7971-EE97-401B-878B-154AFD8713F3}.Release|Any CPU.Build.0 = Release|Any CPU
	EndGlobalSection
	GlobalSection(SolutionProperties) = preSolution
		HideSolutionNode = FALSE
	EndGlobalSection
	GlobalSection(ExtensibilityGlobals) = postSolution
		SolutionGuid = {2B14299C-D3A8-48AE-AD91-40B6D5E18606}
	EndGlobalSection
EndGlobal
